
Microsoft Visual Studio Solution File, Format Version 12.00
# Visual Studio Version 16
VisualStudioVersion = 16.0.28803.352
MinimumVisualStudioVersion = 10.0.40219.1
Project("{FAE04EC0-301F-11D3-BF4B-00C04F79EFBC}") = "Alarm_clock_12", "Alarm_clock_12\Alarm_clock_12.csproj", "{ECD85BB3-36DC-4D8C-BD3A-A43C8CB7869C}"
EndProject
Global
	GlobalSection(SolutionConfigurationPlatforms) = preSolution
		Debug|Any CPU = Debug|Any CPU
		Release|Any CPU = Release|Any CPU
	EndGlobalSection
	GlobalSection(ProjectConfigurationPlatforms) = postSolution
		{ECD85BB3-36DC-4D8C-BD3A-A43C8CB7869C}.Debug|Any CPU.ActiveCfg = Debug|Any CPU
		{ECD85BB3-36DC-4D8C-BD3A-A43C8CB7869C}.Debug|Any CPU.Build.0 = Debug|Any CPU
		{ECD85BB3-36DC-4D8C-BD3A-A43C8CB7869C}.Release|Any CPU.ActiveCfg = Release|Any CPU
		{ECD85BB3-36DC-4D8C-BD3A-A43C8CB7869C}.Release|Any CPU.Build.0 = Release|Any CPU
	EndGlobalSection
	GlobalSection(SolutionProperties) = preSolution
		HideSolutionNode = FALSE
	EndGlobalSection
	GlobalSection(ExtensibilityGlobals) = postSolution
		SolutionGuid = {8A40A40B-6389-46BF-AB3C-58260F6A504A}
	EndGlobalSection
EndGlobal
