
Microsoft Visual Studio Solution File, Format Version 12.00
# Visual Studio Version 16
VisualStudioVersion = 16.0.29519.181
MinimumVisualStudioVersion = 10.0.40219.1
Project("{FAE04EC0-301F-11D3-BF4B-00C04F79EFBC}") = "00_Calculator", "00_Calculator.csproj", "{8462ED47-EFFB-4E03-91CC-6107EAD2F9A5}"
EndProject
Project("{FAE04EC0-301F-11D3-BF4B-00C04F79EFBC}") = "01_Calculator.Figura", "..\Calculator.Figura\01_Calculator.Figura.csproj", "{276C3CCE-A9A8-4D7F-9889-B430011C9F7F}"
EndProject
Project("{FAE04EC0-301F-11D3-BF4B-00C04F79EFBC}") = "01_Calculator.Operation", "..\Calculator.Operation\01_Calculator.Operation.csproj", "{3DC8FC7C-535B-46AA-B4B9-E3B4697FBCE2}"
EndProject
Global
	GlobalSection(SolutionConfigurationPlatforms) = preSolution
		Debug|Any CPU = Debug|Any CPU
		Release|Any CPU = Release|Any CPU
	EndGlobalSection
	GlobalSection(ProjectConfigurationPlatforms) = postSolution
		{8462ED47-EFFB-4E03-91CC-6107EAD2F9A5}.Debug|Any CPU.ActiveCfg = Debug|Any CPU
		{8462ED47-EFFB-4E03-91CC-6107EAD2F9A5}.Debug|Any CPU.Build.0 = Debug|Any CPU
		{8462ED47-EFFB-4E03-91CC-6107EAD2F9A5}.Release|Any CPU.ActiveCfg = Release|Any CPU
		{8462ED47-EFFB-4E03-91CC-6107EAD2F9A5}.Release|Any CPU.Build.0 = Release|Any CPU
		{276C3CCE-A9A8-4D7F-9889-B430011C9F7F}.Debug|Any CPU.ActiveCfg = Debug|Any CPU
		{276C3CCE-A9A8-4D7F-9889-B430011C9F7F}.Debug|Any CPU.Build.0 = Debug|Any CPU
		{276C3CCE-A9A8-4D7F-9889-B430011C9F7F}.Release|Any CPU.ActiveCfg = Release|Any CPU
		{276C3CCE-A9A8-4D7F-9889-B430011C9F7F}.Release|Any CPU.Build.0 = Release|Any CPU
		{3DC8FC7C-535B-46AA-B4B9-E3B4697FBCE2}.Debug|Any CPU.ActiveCfg = Debug|Any CPU
		{3DC8FC7C-535B-46AA-B4B9-E3B4697FBCE2}.Debug|Any CPU.Build.0 = Debug|Any CPU
		{3DC8FC7C-535B-46AA-B4B9-E3B4697FBCE2}.Release|Any CPU.ActiveCfg = Release|Any CPU
		{3DC8FC7C-535B-46AA-B4B9-E3B4697FBCE2}.Release|Any CPU.Build.0 = Release|Any CPU
	EndGlobalSection
	GlobalSection(SolutionProperties) = preSolution
		HideSolutionNode = FALSE
	EndGlobalSection
	GlobalSection(ExtensibilityGlobals) = postSolution
		SolutionGuid = {CAB39659-C863-4C81-A7EE-997A933B7A11}
	EndGlobalSection
EndGlobal
