
Microsoft Visual Studio Solution File, Format Version 12.00
# Visual Studio Version 16
VisualStudioVersion = 16.0.30523.141
MinimumVisualStudioVersion = 10.0.40219.1
Project("{FAE04EC0-301F-11D3-BF4B-00C04F79EFBC}") = "Fibonacci V2", "Fibonacci V2.csproj", "{45096E09-5E26-49D3-B9AA-047CAC5A60AB}"
EndProject
Global
	GlobalSection(SolutionConfigurationPlatforms) = preSolution
		Debug|Any CPU = Debug|Any CPU
		Release|Any CPU = Release|Any CPU
	EndGlobalSection
	GlobalSection(ProjectConfigurationPlatforms) = postSolution
		{45096E09-5E26-49D3-B9AA-047CAC5A60AB}.Debug|Any CPU.ActiveCfg = Debug|Any CPU
		{45096E09-5E26-49D3-B9AA-047CAC5A60AB}.Debug|Any CPU.Build.0 = Debug|Any CPU
		{45096E09-5E26-49D3-B9AA-047CAC5A60AB}.Release|Any CPU.ActiveCfg = Release|Any CPU
		{45096E09-5E26-49D3-B9AA-047CAC5A60AB}.Release|Any CPU.Build.0 = Release|Any CPU
	EndGlobalSection
	GlobalSection(SolutionProperties) = preSolution
		HideSolutionNode = FALSE
	EndGlobalSection
	GlobalSection(ExtensibilityGlobals) = postSolution
		SolutionGuid = {A895269C-A872-44A3-BD30-B55AA8DE2F9D}
	EndGlobalSection
EndGlobal
